// !$*UTF8*$!
{
	archiveVersion = 1;
	classes = {
	};
	objectVersion = 46;
	objects = {

/* Begin PBXBuildFile section */
		290F424D039394E082CC8EC2 /* Pods_Example.framework in Frameworks */ = {isa = PBXBuildFile; fileRef = 9ACDA81695B7587633F238F8 /* Pods_Example.framework */; };
		AE3BC2261CEACC6A006CA17A /* AppDelegate.swift in Sources */ = {isa = PBXBuildFile; fileRef = AE3BC2251CEACC6A006CA17A /* AppDelegate.swift */; };
		AE3BC2281CEACC6A006CA17A /* ViewController.swift in Sources */ = {isa = PBXBuildFile; fileRef = AE3BC2271CEACC6A006CA17A /* ViewController.swift */; };
		AE3BC22B1CEACC6A006CA17A /* Main.storyboard in Resources */ = {isa = PBXBuildFile; fileRef = AE3BC2291CEACC6A006CA17A /* Main.storyboard */; };
		AE3BC22D1CEACC6A006CA17A /* Assets.xcassets in Resources */ = {isa = PBXBuildFile; fileRef = AE3BC22C1CEACC6A006CA17A /* Assets.xcassets */; };
		AE3BC2301CEACC6A006CA17A /* LaunchScreen.storyboard in Resources */ = {isa = PBXBuildFile; fileRef = AE3BC22E1CEACC6A006CA17A /* LaunchScreen.storyboard */; };
/* End PBXBuildFile section */

/* Begin PBXFileReference section */
		9ACDA81695B7587633F238F8 /* Pods_Example.framework */ = {isa = PBXFileReference; explicitFileType = wrapper.framework; includeInIndex = 0; path = Pods_Example.framework; sourceTree = BUILT_PRODUCTS_DIR; };
		AE3BC2221CEACC6A006CA17A /* Example.app */ = {isa = PBXFileReference; explicitFileType = wrapper.application; includeInIndex = 0; path = Example.app; sourceTree = BUILT_PRODUCTS_DIR; };
		AE3BC2251CEACC6A006CA17A /* AppDelegate.swift */ = {isa = PBXFileReference; lastKnownFileType = sourcecode.swift; path = AppDelegate.swift; sourceTree = "<group>"; };
		AE3BC2271CEACC6A006CA17A /* ViewController.swift */ = {isa = PBXFileReference; lastKnownFileType = sourcecode.swift; path = ViewController.swift; sourceTree = "<group>"; };
		AE3BC22A1CEACC6A006CA17A /* Base */ = {isa = PBXFileReference; lastKnownFileType = file.storyboard; name = Base; path = Base.lproj/Main.storyboard; sourceTree = "<group>"; };
		AE3BC22C1CEACC6A006CA17A /* Assets.xcassets */ = {isa = PBXFileReference; lastKnownFileType = folder.assetcatalog; path = Assets.xcassets; sourceTree = "<group>"; };
		AE3BC22F1CEACC6A006CA17A /* Base */ = {isa = PBXFileReference; lastKnownFileType = file.storyboard; name = Base; path = Base.lproj/LaunchScreen.storyboard; sourceTree = "<group>"; };
		AE3BC2311CEACC6A006CA17A /* Info.plist */ = {isa = PBXFileReference; lastKnownFileType = text.plist.xml; path = Info.plist; sourceTree = "<group>"; };
		AE3BC2371CEACCAF006CA17A /* Example-Bridging-Header.h */ = {isa = PBXFileReference; lastKnownFileType = sourcecode.c.h; path = "Example-Bridging-Header.h"; sourceTree = "<group>"; };
		B5CE5F0FC0D8A640E5337D50 /* Pods-Example.debug.xcconfig */ = {isa = PBXFileReference; includeInIndex = 1; lastKnownFileType = text.xcconfig; name = "Pods-Example.debug.xcconfig"; path = "Pods/Target Support Files/Pods-Example/Pods-Example.debug.xcconfig"; sourceTree = "<group>"; };
		D3EFADD43976EE07FE74B083 /* Pods-Example.release.xcconfig */ = {isa = PBXFileReference; includeInIndex = 1; lastKnownFileType = text.xcconfig; name = "Pods-Example.release.xcconfig"; path = "Pods/Target Support Files/Pods-Example/Pods-Example.release.xcconfig"; sourceTree = "<group>"; };
/* End PBXFileReference section */

/* Begin PBXFrameworksBuildPhase section */
		AE3BC21F1CEACC6A006CA17A /* Frameworks */ = {
			isa = PBXFrameworksBuildPhase;
			buildActionMask = 2147483647;
			files = (
				290F424D039394E082CC8EC2 /* Pods_Example.framework in Frameworks */,
			);
			runOnlyForDeploymentPostprocessing = 0;
		};
/* End PBXFrameworksBuildPhase section */

/* Begin PBXGroup section */
		AE3BC2191CEACC6A006CA17A = {
			isa = PBXGroup;
			children = (
				AE3BC2371CEACCAF006CA17A /* Example-Bridging-Header.h */,
				AE3BC2241CEACC6A006CA17A /* Example */,
				AE3BC2231CEACC6A006CA17A /* Products */,
				B33C20771EF0BD41F45A28CE /* Pods */,
				E2F040D8D5ED7647AB7157C3 /* Frameworks */,
			);
			sourceTree = "<group>";
		};
		AE3BC2231CEACC6A006CA17A /* Products */ = {
			isa = PBXGroup;
			children = (
				AE3BC2221CEACC6A006CA17A /* Example.app */,
			);
			name = Products;
			sourceTree = "<group>";
		};
		AE3BC2241CEACC6A006CA17A /* Example */ = {
			isa = PBXGroup;
			children = (
				AE3BC2251CEACC6A006CA17A /* AppDelegate.swift */,
				AE3BC2271CEACC6A006CA17A /* ViewController.swift */,
				AE3BC2291CEACC6A006CA17A /* Main.storyboard */,
				AE3BC22C1CEACC6A006CA17A /* Assets.xcassets */,
				AE3BC22E1CEACC6A006CA17A /* LaunchScreen.storyboard */,
				AE3BC2311CEACC6A006CA17A /* Info.plist */,
			);
			path = Example;
			sourceTree = "<group>";
		};
		B33C20771EF0BD41F45A28CE /* Pods */ = {
			isa = PBXGroup;
			children = (
				B5CE5F0FC0D8A640E5337D50 /* Pods-Example.debug.xcconfig */,
				D3EFADD43976EE07FE74B083 /* Pods-Example.release.xcconfig */,
			);
			name = Pods;
			sourceTree = "<group>";
		};
		E2F040D8D5ED7647AB7157C3 /* Frameworks */ = {
			isa = PBXGroup;
			children = (
				9ACDA81695B7587633F238F8 /* Pods_Example.framework */,
			);
			name = Frameworks;
			sourceTree = "<group>";
		};
/* End PBXGroup section */

/* Begin PBXNativeTarget section */
		AE3BC2211CEACC6A006CA17A /* Example */ = {
			isa = PBXNativeTarget;
			buildConfigurationList = AE3BC2341CEACC6A006CA17A /* Build configuration list for PBXNativeTarget "Example" */;
			buildPhases = (
				4230E1781AB78C3BB32F5DF3 /* 📦 Check Pods Manifest.lock */,
				AE3BC21E1CEACC6A006CA17A /* Sources */,
				AE3BC21F1CEACC6A006CA17A /* Frameworks */,
				AE3BC2201CEACC6A006CA17A /* Resources */,
				99EF2AEC931C43EB25BE587F /* 📦 Embed Pods Frameworks */,
				B1011C8B18BACDB33ECDF417 /* 📦 Copy Pods Resources */,
			);
			buildRules = (
			);
			dependencies = (
			);
			name = Example;
			productName = Example;
			productReference = AE3BC2221CEACC6A006CA17A /* Example.app */;
			productType = "com.apple.product-type.application";
		};
/* End PBXNativeTarget section */

/* Begin PBXProject section */
		AE3BC21A1CEACC6A006CA17A /* Project object */ = {
			isa = PBXProject;
			attributes = {
				LastSwiftUpdateCheck = 0730;
				LastUpgradeCheck = 0730;
				ORGANIZATIONNAME = aimobier;
				TargetAttributes = {
					AE3BC2211CEACC6A006CA17A = {
						CreatedOnToolsVersion = 7.3;
					};
				};
			};
			buildConfigurationList = AE3BC21D1CEACC6A006CA17A /* Build configuration list for PBXProject "Example" */;
			compatibilityVersion = "Xcode 3.2";
			developmentRegion = English;
			hasScannedForEncodings = 0;
			knownRegions = (
				en,
				Base,
			);
			mainGroup = AE3BC2191CEACC6A006CA17A;
			productRefGroup = AE3BC2231CEACC6A006CA17A /* Products */;
			projectDirPath = "";
			projectRoot = "";
			targets = (
				AE3BC2211CEACC6A006CA17A /* Example */,
			);
		};
/* End PBXProject section */

/* Begin PBXResourcesBuildPhase section */
		AE3BC2201CEACC6A006CA17A /* Resources */ = {
			isa = PBXResourcesBuildPhase;
			buildActionMask = 2147483647;
			files = (
				AE3BC2301CEACC6A006CA17A /* LaunchScreen.storyboard in Resources */,
				AE3BC22D1CEACC6A006CA17A /* Assets.xcassets in Resources */,
				AE3BC22B1CEACC6A006CA17A /* Main.storyboard in Resources */,
			);
			runOnlyForDeploymentPostprocessing = 0;
		};
/* End PBXResourcesBuildPhase section */

/* Begin PBXShellScriptBuildPhase section */
		4230E1781AB78C3BB32F5DF3 /* 📦 Check Pods Manifest.lock */ = {
			isa = PBXShellScriptBuildPhase;
			buildActionMask = 2147483647;
			files = (
			);
			inputPaths = (
			);
			name = "📦 Check Pods Manifest.lock";
			outputPaths = (
			);
			runOnlyForDeploymentPostprocessing = 0;
			shellPath = /bin/sh;
			shellScript = "diff \"${PODS_ROOT}/../Podfile.lock\" \"${PODS_ROOT}/Manifest.lock\" > /dev/null\nif [[ $? != 0 ]] ; then\n    cat << EOM\nerror: The sandbox is not in sync with the Podfile.lock. Run 'pod install' or update your CocoaPods installation.\nEOM\n    exit 1\nfi\n";
			showEnvVarsInLog = 0;
		};
		99EF2AEC931C43EB25BE587F /* 📦 Embed Pods Frameworks */ = {
			isa = PBXShellScriptBuildPhase;
			buildActionMask = 2147483647;
			files = (
			);
			inputPaths = (
			);
			name = "📦 Embed Pods Frameworks";
			outputPaths = (
			);
			runOnlyForDeploymentPostprocessing = 0;
			shellPath = /bin/sh;
			shellScript = "\"${SRCROOT}/Pods/Target Support Files/Pods-Example/Pods-Example-frameworks.sh\"\n";
			showEnvVarsInLog = 0;
		};
		B1011C8B18BACDB33ECDF417 /* 📦 Copy Pods Resources */ = {
			isa = PBXShellScriptBuildPhase;
			buildActionMask = 2147483647;
			files = (
			);
			inputPaths = (
			);
			name = "📦 Copy Pods Resources";
			outputPaths = (
			);
			runOnlyForDeploymentPostprocessing = 0;
			shellPath = /bin/sh;
			shellScript = "\"${SRCROOT}/Pods/Target Support Files/Pods-Example/Pods-Example-resources.sh\"\n";
			showEnvVarsInLog = 0;
		};
/* End PBXShellScriptBuildPhase section */

/* Begin PBXSourcesBuildPhase section */
		AE3BC21E1CEACC6A006CA17A /* Sources */ = {
			isa = PBXSourcesBuildPhase;
			buildActionMask = 2147483647;
			files = (
				AE3BC2281CEACC6A006CA17A /* ViewController.swift in Sources */,
				AE3BC2261CEACC6A006CA17A /* AppDelegate.swift in Sources */,
			);
			runOnlyForDeploymentPostprocessing = 0;
		};
/* End PBXSourcesBuildPhase section */

/* Begin PBXVariantGroup section */
		AE3BC2291CEACC6A006CA17A /* Main.storyboard */ = {
			isa = PBXVariantGroup;
			children = (
				AE3BC22A1CEACC6A006CA17A /* Base */,
			);
			name = Main.storyboard;
			sourceTree = "<group>";
		};
		AE3BC22E1CEACC6A006CA17A /* LaunchScreen.storyboard */ = {
			isa = PBXVariantGroup;
			children = (
				AE3BC22F1CEACC6A006CA17A /* Base */,
			);
			name = LaunchScreen.storyboard;
			sourceTree = "<group>";
		};
/* End PBXVariantGroup section */

/* Begin XCBuildConfiguration section */
		AE3BC2321CEACC6A006CA17A /* Debug */ = {
			isa = XCBuildConfiguration;
			buildSettings = {
				ALWAYS_SEARCH_USER_PATHS = NO;
				CLANG_ANALYZER_NONNULL = YES;
				CLANG_CXX_LANGUAGE_STANDARD = "gnu++0x";
				CLANG_CXX_LIBRARY = "libc++";
				CLANG_ENABLE_MODULES = YES;
				CLANG_ENABLE_OBJC_ARC = YES;
				CLANG_WARN_BOOL_CONVERSION = YES;
				CLANG_WARN_CONSTANT_CONVERSION = YES;
				CLANG_WARN_DIRECT_OBJC_ISA_USAGE = YES_ERROR;
				CLANG_WARN_EMPTY_BODY = YES;
				CLANG_WARN_ENUM_CONVERSION = YES;
				CLANG_WARN_INT_CONVERSION = YES;
				CLANG_WARN_OBJC_ROOT_CLASS = YES_ERROR;
				CLANG_WARN_UNREACHABLE_CODE = YES;
				CLANG_WARN__DUPLICATE_METHOD_MATCH = YES;
				"CODE_SIGN_IDENTITY[sdk=iphoneos*]" = "iPhone Developer";
				COPY_PHASE_STRIP = NO;
				DEBUG_INFORMATION_FORMAT = dwarf;
				ENABLE_STRICT_OBJC_MSGSEND = YES;
				ENABLE_TESTABILITY = YES;
				GCC_C_LANGUAGE_STANDARD = gnu99;
				GCC_DYNAMIC_NO_PIC = NO;
				GCC_NO_COMMON_BLOCKS = YES;
				GCC_OPTIMIZATION_LEVEL = 0;
				GCC_PREPROCESSOR_DEFINITIONS = (
					"DEBUG=1",
					"$(inherited)",
				);
				GCC_WARN_64_TO_32_BIT_CONVERSION = YES;
				GCC_WARN_ABOUT_RETURN_TYPE = YES_ERROR;
				GCC_WARN_UNDECLARED_SELECTOR = YES;
				GCC_WARN_UNINITIALIZED_AUTOS = YES_AGGRESSIVE;
				GCC_WARN_UNUSED_FUNCTION = YES;
				GCC_WARN_UNUSED_VARIABLE = YES;
				IPHONEOS_DEPLOYMENT_TARGET = 9.3;
				MTL_ENABLE_DEBUG_INFO = YES;
				ONLY_ACTIVE_ARCH = YES;
				SDKROOT = iphoneos;
				SWIFT_OPTIMIZATION_LEVEL = "-Onone";
				TARGETED_DEVICE_FAMILY = "1,2";
			};
			name = Debug;
		};
		AE3BC2331CEACC6A006CA17A /* Release */ = {
			isa = XCBuildConfiguration;
			buildSettings = {
				ALWAYS_SEARCH_USER_PATHS = NO;
				CLANG_ANALYZER_NONNULL = YES;
				CLANG_CXX_LANGUAGE_STANDARD = "gnu++0x";
				CLANG_CXX_LIBRARY = "libc++";
				CLANG_ENABLE_MODULES = YES;
				CLANG_ENABLE_OBJC_ARC = YES;
				CLANG_WARN_BOOL_CONVERSION = YES;
				CLANG_WARN_CONSTANT_CONVERSION = YES;
				CLANG_WARN_DIRECT_OBJC_ISA_USAGE = YES_ERROR;
				CLANG_WARN_EMPTY_BODY = YES;
				CLANG_WARN_ENUM_CONVERSION = YES;
				CLANG_WARN_INT_CONVERSION = YES;
				CLANG_WARN_OBJC_ROOT_CLASS = YES_ERROR;
				CLANG_WARN_UNREACHABLE_CODE = YES;
				CLANG_WARN__DUPLICATE_METHOD_MATCH = YES;
				"CODE_SIGN_IDENTITY[sdk=iphoneos*]" = "iPhone Developer";
				COPY_PHASE_STRIP = NO;
				DEBUG_INFORMATION_FORMAT = "dwarf-with-dsym";
				ENABLE_NS_ASSERTIONS = NO;
				ENABLE_STRICT_OBJC_MSGSEND = YES;
				GCC_C_LANGUAGE_STANDARD = gnu99;
				GCC_NO_COMMON_BLOCKS = YES;
				GCC_WARN_64_TO_32_BIT_CONVERSION = YES;
				GCC_WARN_ABOUT_RETURN_TYPE = YES_ERROR;
				GCC_WARN_UNDECLARED_SELECTOR = YES;
				GCC_WARN_UNINITIALIZED_AUTOS = YES_AGGRESSIVE;
				GCC_WARN_UNUSED_FUNCTION = YES;
				GCC_WARN_UNUSED_VARIABLE = YES;
				IPHONEOS_DEPLOYMENT_TARGET = 9.3;
				MTL_ENABLE_DEBUG_INFO = NO;
				SDKROOT = iphoneos;
				TARGETED_DEVICE_FAMILY = "1,2";
				VALIDATE_PRODUCT = YES;
			};
			name = Release;
		};
		AE3BC2351CEACC6A006CA17A /* Debug */ = {
			isa = XCBuildConfiguration;
			baseConfigurationReference = B5CE5F0FC0D8A640E5337D50 /* Pods-Example.debug.xcconfig */;
			buildSettings = {
				ASSETCATALOG_COMPILER_APPICON_NAME = AppIcon;
				CLANG_ENABLE_MODULES = YES;
				INFOPLIST_FILE = Example/Info.plist;
				LD_RUNPATH_SEARCH_PATHS = "$(inherited) @executable_path/Frameworks";
				PRODUCT_BUNDLE_IDENTIFIER = com.Eyepetizer.Example;
				PRODUCT_NAME = "$(TARGET_NAME)";
				SWIFT_OBJC_BRIDGING_HEADER = "Example-Bridging-Header.h";
				SWIFT_OPTIMIZATION_LEVEL = "-Onone";
			};
			name = Debug;
		};
		AE3BC2361CEACC6A006CA17A /* Release */ = {
			isa = XCBuildConfiguration;
			baseConfigurationReference = D3EFADD43976EE07FE74B083 /* Pods-Example.release.xcconfig */;
			buildSettings = {
				ASSETCATALOG_COMPILER_APPICON_NAME = AppIcon;
				CLANG_ENABLE_MODULES = YES;
				INFOPLIST_FILE = Example/Info.plist;
				LD_RUNPATH_SEARCH_PATHS = "$(inherited) @executable_path/Frameworks";
				PRODUCT_BUNDLE_IDENTIFIER = com.Eyepetizer.Example;
				PRODUCT_NAME = "$(TARGET_NAME)";
				SWIFT_OBJC_BRIDGING_HEADER = "Example-Bridging-Header.h";
			};
			name = Release;
		};
/* End XCBuildConfiguration section */

/* Begin XCConfigurationList section */
		AE3BC21D1CEACC6A006CA17A /* Build configuration list for PBXProject "Example" */ = {
			isa = XCConfigurationList;
			buildConfigurations = (
				AE3BC2321CEACC6A006CA17A /* Debug */,
				AE3BC2331CEACC6A006CA17A /* Release */,
			);
			defaultConfigurationIsVisible = 0;
			defaultConfigurationName = Release;
		};
		AE3BC2341CEACC6A006CA17A /* Build configuration list for PBXNativeTarget "Example" */ = {
			isa = XCConfigurationList;
			buildConfigurations = (
				AE3BC2351CEACC6A006CA17A /* Debug */,
				AE3BC2361CEACC6A006CA17A /* Release */,
			);
			defaultConfigurationIsVisible = 0;
			defaultConfigurationName = Release;
		};
/* End XCConfigurationList section */
	};
	rootObject = AE3BC21A1CEACC6A006CA17A /* Project object */;
}
